
Microsoft Visual Studio Solution File, Format Version 9.00
# Visual Studio 2005
Project("{8BC9CEB8-8B4A-11D0-8D11-00A0C91BC942}") = "GemfireSvcLauncher", "GemfireSvcLauncher.vcproj", "{99EED3F4-C9B4-440E-9CAF-D990F63492F8}"
EndProject
Global
	GlobalSection(SolutionConfigurationPlatforms) = preSolution
		Debug|Win32 = Debug|Win32
		Release|Win32 = Release|Win32
	EndGlobalSection
	GlobalSection(ProjectConfigurationPlatforms) = postSolution
		{99EED3F4-C9B4-440E-9CAF-D990F63492F8}.Debug|Win32.ActiveCfg = Debug|Win32
		{99EED3F4-C9B4-440E-9CAF-D990F63492F8}.Debug|Win32.Build.0 = Debug|Win32
		{99EED3F4-C9B4-440E-9CAF-D990F63492F8}.Release|Win32.ActiveCfg = Release|Win32
		{99EED3F4-C9B4-440E-9CAF-D990F63492F8}.Release|Win32.Build.0 = Release|Win32
	EndGlobalSection
	GlobalSection(SolutionProperties) = preSolution
		HideSolutionNode = FALSE
	EndGlobalSection
EndGlobal
